version = 1
revision = 3
requires-python = ">=3.9"
resolution-markers = [
    "python_full_version >= '3.10'",
    "python_full_version < '3.10'",
]

[[package]]
name = "pyobjc-core"
version = "11.1"
source = { registry = "https://pypi.org/simple" }
resolution-markers = [
    "python_full_version < '3.10'",
]
sdist = { url = "https://files.pythonhosted.org/packages/e8/e9/0b85c81e2b441267bca707b5d89f56c2f02578ef8f3eafddf0e0c0b8848c/pyobjc_core-11.1.tar.gz", hash = "sha256:b63d4d90c5df7e762f34739b39cc55bc63dbcf9fb2fb3f2671e528488c7a87fe", size = 974602, upload-time = "2025-06-14T20:56:34.189Z" }
wheels = [
    { url = "https://files.pythonhosted.org/packages/a5/c5/9fa74ef6b83924e657c5098d37b36b66d1e16d13bc45c44248c6248e7117/pyobjc_core-11.1-cp310-cp310-macosx_10_9_universal2.whl", hash = "sha256:4c7536f3e94de0a3eae6bb382d75f1219280aa867cdf37beef39d9e7d580173c", size = 676323, upload-time = "2025-06-14T20:44:44.675Z" },
    { url = "https://files.pythonhosted.org/packages/5a/a7/55afc166d89e3fcd87966f48f8bca3305a3a2d7c62100715b9ffa7153a90/pyobjc_core-11.1-cp311-cp311-macosx_10_9_universal2.whl", hash = "sha256:ec36680b5c14e2f73d432b03ba7c1457dc6ca70fa59fd7daea1073f2b4157d33", size = 671075, upload-time = "2025-06-14T20:44:46.594Z" },
    { url = "https://files.pythonhosted.org/packages/c0/09/e83228e878e73bf756749939f906a872da54488f18d75658afa7f1abbab1/pyobjc_core-11.1-cp312-cp312-macosx_10_13_universal2.whl", hash = "sha256:765b97dea6b87ec4612b3212258024d8496ea23517c95a1c5f0735f96b7fd529", size = 677985, upload-time = "2025-06-14T20:44:48.375Z" },
    { url = "https://files.pythonhosted.org/packages/c5/24/12e4e2dae5f85fd0c0b696404ed3374ea6ca398e7db886d4f1322eb30799/pyobjc_core-11.1-cp313-cp313-macosx_10_13_universal2.whl", hash = "sha256:18986f83998fbd5d3f56d8a8428b2f3e0754fd15cef3ef786ca0d29619024f2c", size = 676431, upload-time = "2025-06-14T20:44:49.908Z" },
    { url = "https://files.pythonhosted.org/packages/f7/79/031492497624de4c728f1857181b06ce8c56444db4d49418fa459cba217c/pyobjc_core-11.1-cp313-cp313t-macosx_10_13_universal2.whl", hash = "sha256:8849e78cfe6595c4911fbba29683decfb0bf57a350aed8a43316976ba6f659d2", size = 719330, upload-time = "2025-06-14T20:44:51.621Z" },
    { url = "https://files.pythonhosted.org/packages/ed/7d/6169f16a0c7ec15b9381f8bf33872baf912de2ef68d96c798ca4c6ee641f/pyobjc_core-11.1-cp314-cp314-macosx_11_0_universal2.whl", hash = "sha256:8cb9ed17a8d84a312a6e8b665dd22393d48336ea1d8277e7ad20c19a38edf731", size = 667203, upload-time = "2025-06-14T20:44:53.262Z" },
    { url = "https://files.pythonhosted.org/packages/49/0f/f5ab2b0e57430a3bec9a62b6153c0e79c05a30d77b564efdb9f9446eeac5/pyobjc_core-11.1-cp314-cp314t-macosx_11_0_universal2.whl", hash = "sha256:f2455683e807f8541f0d83fbba0f5d9a46128ab0d5cc83ea208f0bec759b7f96", size = 708807, upload-time = "2025-06-14T20:44:54.851Z" },
    { url = "https://files.pythonhosted.org/packages/0b/3c/98f04333e4f958ee0c44ceccaf0342c2502d361608e00f29a5d50e16a569/pyobjc_core-11.1-cp39-cp39-macosx_10_9_universal2.whl", hash = "sha256:4a99e6558b48b8e47c092051e7b3be05df1c8d0617b62f6fa6a316c01902d157", size = 677089, upload-time = "2025-06-14T20:44:56.15Z" },
]

[[package]]
name = "pyobjc-core"
version = "12.1"
source = { registry = "https://pypi.org/simple" }
resolution-markers = [
    "python_full_version >= '3.10'",
]
sdist = { url = "https://files.pythonhosted.org/packages/b8/b6/d5612eb40be4fd5ef88c259339e6313f46ba67577a95d86c3470b951fce0/pyobjc_core-12.1.tar.gz", hash = "sha256:2bb3903f5387f72422145e1466b3ac3f7f0ef2e9960afa9bcd8961c5cbf8bd21", size = 1000532, upload-time = "2025-11-14T10:08:28.292Z" }
wheels = [
    { url = "https://files.pythonhosted.org/packages/63/bf/3dbb1783388da54e650f8a6b88bde03c101d9ba93dfe8ab1b1873f1cd999/pyobjc_core-12.1-cp310-cp310-macosx_10_9_universal2.whl", hash = "sha256:93418e79c1655f66b4352168f8c85c942707cb1d3ea13a1da3e6f6a143bacda7", size = 676748, upload-time = "2025-11-14T09:30:50.023Z" },
    { url = "https://files.pythonhosted.org/packages/95/df/d2b290708e9da86d6e7a9a2a2022b91915cf2e712a5a82e306cb6ee99792/pyobjc_core-12.1-cp311-cp311-macosx_10_9_universal2.whl", hash = "sha256:c918ebca280925e7fcb14c5c43ce12dcb9574a33cccb889be7c8c17f3bcce8b6", size = 671263, upload-time = "2025-11-14T09:31:35.231Z" },
    { url = "https://files.pythonhosted.org/packages/64/5a/6b15e499de73050f4a2c88fff664ae154307d25dc04da8fb38998a428358/pyobjc_core-12.1-cp312-cp312-macosx_10_13_universal2.whl", hash = "sha256:818bcc6723561f207e5b5453efe9703f34bc8781d11ce9b8be286bb415eb4962", size = 678335, upload-time = "2025-11-14T09:32:20.107Z" },
    { url = "https://files.pythonhosted.org/packages/f4/d2/29e5e536adc07bc3d33dd09f3f7cf844bf7b4981820dc2a91dd810f3c782/pyobjc_core-12.1-cp313-cp313-macosx_10_13_universal2.whl", hash = "sha256:01c0cf500596f03e21c23aef9b5f326b9fb1f8f118cf0d8b66749b6cf4cbb37a", size = 677370, upload-time = "2025-11-14T09:33:05.273Z" },
    { url = "https://files.pythonhosted.org/packages/1b/f0/4b4ed8924cd04e425f2a07269943018d43949afad1c348c3ed4d9d032787/pyobjc_core-12.1-cp313-cp313t-macosx_10_13_universal2.whl", hash = "sha256:177aaca84bb369a483e4961186704f64b2697708046745f8167e818d968c88fc", size = 719586, upload-time = "2025-11-14T09:33:53.302Z" },
    { url = "https://files.pythonhosted.org/packages/25/98/9f4ed07162de69603144ff480be35cd021808faa7f730d082b92f7ebf2b5/pyobjc_core-12.1-cp314-cp314-macosx_10_15_universal2.whl", hash = "sha256:844515f5d86395b979d02152576e7dee9cc679acc0b32dc626ef5bda315eaa43", size = 670164, upload-time = "2025-11-14T09:34:37.458Z" },
    { url = "https://files.pythonhosted.org/packages/62/50/dc076965c96c7f0de25c0a32b7f8aa98133ed244deaeeacfc758783f1f30/pyobjc_core-12.1-cp314-cp314t-macosx_10_15_universal2.whl", hash = "sha256:453b191df1a4b80e756445b935491b974714456ae2cbae816840bd96f86db882", size = 712204, upload-time = "2025-11-14T09:35:24.148Z" },
]

[[package]]
name = "pyobjc-framework-cocoa"
version = "11.1"
source = { registry = "https://pypi.org/simple" }
resolution-markers = [
    "python_full_version < '3.10'",
]
dependencies = [
    { name = "pyobjc-core", version = "11.1", source = { registry = "https://pypi.org/simple" }, marker = "python_full_version < '3.10'" },
]
sdist = { url = "https://files.pythonhosted.org/packages/4b/c5/7a866d24bc026f79239b74d05e2cf3088b03263da66d53d1b4cf5207f5ae/pyobjc_framework_cocoa-11.1.tar.gz", hash = "sha256:87df76b9b73e7ca699a828ff112564b59251bb9bbe72e610e670a4dc9940d038", size = 5565335, upload-time = "2025-06-14T20:56:59.683Z" }
wheels = [
    { url = "https://files.pythonhosted.org/packages/87/8f/67a7e166b615feb96385d886c6732dfb90afed565b8b1f34673683d73cd9/pyobjc_framework_cocoa-11.1-cp310-cp310-macosx_10_9_universal2.whl", hash = "sha256:b27a5bdb3ab6cdeb998443ff3fce194ffae5f518c6a079b832dbafc4426937f9", size = 388187, upload-time = "2025-06-14T20:46:49.74Z" },
    { url = "https://files.pythonhosted.org/packages/90/43/6841046aa4e257b6276cd23e53cacedfb842ecaf3386bb360fa9cc319aa1/pyobjc_framework_cocoa-11.1-cp311-cp311-macosx_10_9_universal2.whl", hash = "sha256:7b9a9b8ba07f5bf84866399e3de2aa311ed1c34d5d2788a995bdbe82cc36cfa0", size = 388177, upload-time = "2025-06-14T20:46:51.454Z" },
    { url = "https://files.pythonhosted.org/packages/68/da/41c0f7edc92ead461cced7e67813e27fa17da3c5da428afdb4086c69d7ba/pyobjc_framework_cocoa-11.1-cp312-cp312-macosx_10_13_universal2.whl", hash = "sha256:806de56f06dfba8f301a244cce289d54877c36b4b19818e3b53150eb7c2424d0", size = 388983, upload-time = "2025-06-14T20:46:52.591Z" },
    { url = "https://files.pythonhosted.org/packages/4e/0b/a01477cde2a040f97e226f3e15e5ffd1268fcb6d1d664885a95ba592eca9/pyobjc_framework_cocoa-11.1-cp313-cp313-macosx_10_13_universal2.whl", hash = "sha256:54e93e1d9b0fc41c032582a6f0834befe1d418d73893968f3f450281b11603da", size = 389049, upload-time = "2025-06-14T20:46:53.757Z" },
    { url = "https://files.pythonhosted.org/packages/bc/e6/64cf2661f6ab7c124d0486ec6d1d01a9bb2838a0d2a46006457d8c5e6845/pyobjc_framework_cocoa-11.1-cp313-cp313t-macosx_10_13_universal2.whl", hash = "sha256:fd5245ee1997d93e78b72703be1289d75d88ff6490af94462b564892e9266350", size = 393110, upload-time = "2025-06-14T20:46:54.894Z" },
    { url = "https://files.pythonhosted.org/packages/33/87/01e35c5a3c5bbdc93d5925366421e10835fcd7b23347b6c267df1b16d0b3/pyobjc_framework_cocoa-11.1-cp314-cp314-macosx_11_0_universal2.whl", hash = "sha256:aede53a1afc5433e1e7d66568cc52acceeb171b0a6005407a42e8e82580b4fc0", size = 392644, upload-time = "2025-06-14T20:46:56.503Z" },
    { url = "https://files.pythonhosted.org/packages/c1/7c/54afe9ffee547c41e1161691e72067a37ed27466ac71c089bfdcd07ca70d/pyobjc_framework_cocoa-11.1-cp314-cp314t-macosx_11_0_universal2.whl", hash = "sha256:1b5de4e1757bb65689d6dc1f8d8717de9ec8587eb0c4831c134f13aba29f9b71", size = 396742, upload-time = "2025-06-14T20:46:57.64Z" },
    { url = "https://files.pythonhosted.org/packages/b2/9b/5499d1ed6790b037b12831d7038eb21031ab90a033d4cfa43c9b51085925/pyobjc_framework_cocoa-11.1-cp39-cp39-macosx_10_9_universal2.whl", hash = "sha256:bbee71eeb93b1b31ffbac8560b59a0524a8a4b90846a260d2c4f2188f3d4c721", size = 388163, upload-time = "2025-06-14T20:46:58.72Z" },
]

[[package]]
name = "pyobjc-framework-cocoa"
version = "12.1"
source = { registry = "https://pypi.org/simple" }
resolution-markers = [
    "python_full_version >= '3.10'",
]
dependencies = [
    { name = "pyobjc-core", version = "12.1", source = { registry = "https://pypi.org/simple" }, marker = "python_full_version >= '3.10'" },
]
sdist = { url = "https://files.pythonhosted.org/packages/02/a3/16ca9a15e77c061a9250afbae2eae26f2e1579eb8ca9462ae2d2c71e1169/pyobjc_framework_cocoa-12.1.tar.gz", hash = "sha256:5556c87db95711b985d5efdaaf01c917ddd41d148b1e52a0c66b1a2e2c5c1640", size = 2772191, upload-time = "2025-11-14T10:13:02.069Z" }
wheels = [
    { url = "https://files.pythonhosted.org/packages/b2/aa/2b2d7ec3ac4b112a605e9bd5c5e5e4fd31d60a8a4b610ab19cc4838aa92a/pyobjc_framework_cocoa-12.1-cp310-cp310-macosx_10_9_universal2.whl", hash = "sha256:9b880d3bdcd102809d704b6d8e14e31611443aa892d9f60e8491e457182fdd48", size = 383825, upload-time = "2025-11-14T09:40:28.354Z" },
    { url = "https://files.pythonhosted.org/packages/3f/07/5760735c0fffc65107e648eaf7e0991f46da442ac4493501be5380e6d9d4/pyobjc_framework_cocoa-12.1-cp311-cp311-macosx_10_9_universal2.whl", hash = "sha256:f52228bcf38da64b77328787967d464e28b981492b33a7675585141e1b0a01e6", size = 383812, upload-time = "2025-11-14T09:40:53.169Z" },
    { url = "https://files.pythonhosted.org/packages/95/bf/ee4f27ec3920d5c6fc63c63e797c5b2cc4e20fe439217085d01ea5b63856/pyobjc_framework_cocoa-12.1-cp312-cp312-macosx_10_13_universal2.whl", hash = "sha256:547c182837214b7ec4796dac5aee3aa25abc665757b75d7f44f83c994bcb0858", size = 384590, upload-time = "2025-11-14T09:41:17.336Z" },
    { url = "https://files.pythonhosted.org/packages/ad/31/0c2e734165abb46215797bd830c4bdcb780b699854b15f2b6240515edcc6/pyobjc_framework_cocoa-12.1-cp313-cp313-macosx_10_13_universal2.whl", hash = "sha256:5a3dcd491cacc2f5a197142b3c556d8aafa3963011110102a093349017705118", size = 384689, upload-time = "2025-11-14T09:41:41.478Z" },
    { url = "https://files.pythonhosted.org/packages/23/3b/b9f61be7b9f9b4e0a6db18b3c35c4c4d589f2d04e963e2174d38c6555a92/pyobjc_framework_cocoa-12.1-cp313-cp313t-macosx_10_13_universal2.whl", hash = "sha256:914b74328c22d8ca261d78c23ef2befc29776e0b85555973927b338c5734ca44", size = 388843, upload-time = "2025-11-14T09:42:05.719Z" },
    { url = "https://files.pythonhosted.org/packages/59/bb/f777cc9e775fc7dae77b569254570fe46eb842516b3e4fe383ab49eab598/pyobjc_framework_cocoa-12.1-cp314-cp314-macosx_10_15_universal2.whl", hash = "sha256:03342a60fc0015bcdf9b93ac0b4f457d3938e9ef761b28df9564c91a14f0129a", size = 384932, upload-time = "2025-11-14T09:42:29.771Z" },
    { url = "https://files.pythonhosted.org/packages/58/27/b457b7b37089cad692c8aada90119162dfb4c4a16f513b79a8b2b022b33b/pyobjc_framework_cocoa-12.1-cp314-cp314t-macosx_10_15_universal2.whl", hash = "sha256:6ba1dc1bfa4da42d04e93d2363491275fb2e2be5c20790e561c8a9e09b8cf2cc", size = 388970, upload-time = "2025-11-14T09:42:53.964Z" },
]

[[package]]
name = "pyobjc-framework-iobluetooth"
version = "11.1"
source = { registry = "https://pypi.org/simple" }
resolution-markers = [
    "python_full_version < '3.10'",
]
dependencies = [
    { name = "pyobjc-core", version = "11.1", source = { registry = "https://pypi.org/simple" }, marker = "python_full_version < '3.10'" },
    { name = "pyobjc-framework-cocoa", version = "11.1", source = { registry = "https://pypi.org/simple" }, marker = "python_full_version < '3.10'" },
]
sdist = { url = "https://files.pythonhosted.org/packages/93/e0/74b7b10c567b66c5f38b45ab240336325a4c889f43072d90f2b90aaeb7c0/pyobjc_framework_iobluetooth-11.1.tar.gz", hash = "sha256:094fd4be60cd1371b17cb4b33a3894e0d88a11b36683912be0540a7d51de76f1", size = 300992, upload-time = "2025-06-14T20:57:41.256Z" }
wheels = [
    { url = "https://files.pythonhosted.org/packages/2c/5c/bbb6fd9b3ef8f7d7f2674f193cf96ec6e8955ae677c26812eef5f5da08ea/pyobjc_framework_iobluetooth-11.1-cp310-cp310-macosx_10_9_universal2.whl", hash = "sha256:d512252b8ee2a23c88d5e0a188f8949858f1ef3b99c279fb412f3e00508ec367", size = 40380, upload-time = "2025-06-14T20:50:45.428Z" },
    { url = "https://files.pythonhosted.org/packages/0a/13/31a514e48bd54880aadb1aac3a042fca5f499780628c18f4f54f06d4ece2/pyobjc_framework_iobluetooth-11.1-cp311-cp311-macosx_10_9_universal2.whl", hash = "sha256:7d8858cf2e4b2ef5e8bf29b76c06d4f2e6a2264c325146d07dfab94c46633329", size = 40378, upload-time = "2025-06-14T20:50:46.298Z" },
    { url = "https://files.pythonhosted.org/packages/da/94/eef57045762e955795a4e3312674045c52f8c506133acf9efe1b3370b93f/pyobjc_framework_iobluetooth-11.1-cp312-cp312-macosx_10_13_universal2.whl", hash = "sha256:883781e7223cb0c63fab029d640721ded747f2e2b067645bc8b695ef02a4a4dd", size = 40406, upload-time = "2025-06-14T20:50:47.101Z" },
    { url = "https://files.pythonhosted.org/packages/ed/f5/24476d6919c2d8d849c88740e81f620663181b3c97ac6e3aaeb1833277a5/pyobjc_framework_iobluetooth-11.1-cp313-cp313-macosx_10_13_universal2.whl", hash = "sha256:4a8b1caba9ac51435f64a6cf9c1a2be867603161af8bebdd1676072ebed2fed9", size = 40428, upload-time = "2025-06-14T20:50:47.85Z" },
    { url = "https://files.pythonhosted.org/packages/57/b6/ced1b076a86ea3d7a685155e8c61ab9ecf8037d2b5401d4aae65014789b3/pyobjc_framework_iobluetooth-11.1-cp313-cp313t-macosx_10_13_universal2.whl", hash = "sha256:2c99ade82a79263ea71c51d430696a2ad155beb01a67df59d52be63e181e0482", size = 40626, upload-time = "2025-06-14T20:50:48.655Z" },
    { url = "https://files.pythonhosted.org/packages/d2/a2/0567b8b6e5bb75f7172495890a7746a986fd46a436e5f1ca7abc386bbbdc/pyobjc_framework_iobluetooth-11.1-cp314-cp314-macosx_11_0_universal2.whl", hash = "sha256:2ef72cef1e03468e91a2f01af2390143bd6e4fcad1c6d0494dd857c99fa0d1a7", size = 40478, upload-time = "2025-06-14T20:50:49.418Z" },
    { url = "https://files.pythonhosted.org/packages/18/eb/b148fba594890aec937bf3a87b61a385918f2bee4394763595e59a9f39a0/pyobjc_framework_iobluetooth-11.1-cp314-cp314t-macosx_11_0_universal2.whl", hash = "sha256:a9a7e11a4bbb4a364b0412ca8632a1e853270c98c24d28421133f69c0c0ecaff", size = 40690, upload-time = "2025-06-14T20:50:50.174Z" },
    { url = "https://files.pythonhosted.org/packages/07/5e/d8dd8c9d892bfaaace4bfb361ad79d9fa08c9d3b0d215ef8c8060ce53ee4/pyobjc_framework_iobluetooth-11.1-cp39-cp39-macosx_10_9_universal2.whl", hash = "sha256:2ea799de85cecfb50e5232b80d9966d0dad7cf63cad56317fb35b14b90f38dcd", size = 40372, upload-time = "2025-06-14T20:50:51.283Z" },
]

[[package]]
name = "pyobjc-framework-iobluetooth"
version = "12.1"
source = { registry = "https://pypi.org/simple" }
resolution-markers = [
    "python_full_version >= '3.10'",
]
dependencies = [
    { name = "pyobjc-core", version = "12.1", source = { registry = "https://pypi.org/simple" }, marker = "python_full_version >= '3.10'" },
    { name = "pyobjc-framework-cocoa", version = "12.1", source = { registry = "https://pypi.org/simple" }, marker = "python_full_version >= '3.10'" },
]
sdist = { url = "https://files.pythonhosted.org/packages/e4/aa/ca3944bbdfead4201b4ae6b51510942c5a7d8e5e2dc3139a071c74061fdf/pyobjc_framework_iobluetooth-12.1.tar.gz", hash = "sha256:8a434118812f4c01dfc64339d41fe8229516864a59d2803e9094ee4cbe2b7edd", size = 155241, upload-time = "2025-11-14T10:16:28.896Z" }
wheels = [
    { url = "https://files.pythonhosted.org/packages/a4/92/1bd6d76a005f0eb54e15608534cb7ce73f5d37afdcf82dc86e2ab54314e2/pyobjc_framework_iobluetooth-12.1-cp310-cp310-macosx_10_9_universal2.whl", hash = "sha256:8963d7115fdcd753598f0757f36b19267d01d00ac84cf617c02d38889c3a40fd", size = 40409, upload-time = "2025-11-14T09:52:18.411Z" },
    { url = "https://files.pythonhosted.org/packages/f6/ab/ad6b36f574c3d52b5e935b1d57ab0f14f4e4cd328cc922d2b6ba6428c12d/pyobjc_framework_iobluetooth-12.1-cp311-cp311-macosx_10_9_universal2.whl", hash = "sha256:77959f2ecf379aa41eb0848fdb25da7c322f9f4a82429965c87c4bc147137953", size = 40415, upload-time = "2025-11-14T09:52:22.069Z" },
    { url = "https://files.pythonhosted.org/packages/0b/b6/933b56afb5e84c3c35c074c9e30d7b701c6038989d4867867bdaa7ab618b/pyobjc_framework_iobluetooth-12.1-cp312-cp312-macosx_10_13_universal2.whl", hash = "sha256:111a6e54be9e9dcf77fa2bf84fdac09fae339aa33087d8647ea7ffbd34765d4c", size = 40439, upload-time = "2025-11-14T09:52:26.071Z" },
    { url = "https://files.pythonhosted.org/packages/15/6f/5e165daaf3b637d37fee50f42beda62ab3d5e6e99b1d84c4af4700d39d01/pyobjc_framework_iobluetooth-12.1-cp313-cp313-macosx_10_13_universal2.whl", hash = "sha256:2ee0d4fdddf871fb89c49033495ae49973cc8b0e8de50c2e60c92355ce3bea86", size = 40452, upload-time = "2025-11-14T09:52:29.68Z" },
    { url = "https://files.pythonhosted.org/packages/37/bd/7cc5f01fbf573112059766c94535ae3f9c044d6e0cf49c599e490224db58/pyobjc_framework_iobluetooth-12.1-cp313-cp313t-macosx_10_13_universal2.whl", hash = "sha256:0cd2ea9384e93913703bf40641196a930af83c2f6f62f59f8606b7162fe1caa3", size = 40659, upload-time = "2025-11-14T09:52:33.299Z" },
    { url = "https://files.pythonhosted.org/packages/ef/58/4553d846513840622cd56ef715543f922d7d5ddfbe38316dbc7e43f23832/pyobjc_framework_iobluetooth-12.1-cp314-cp314-macosx_10_15_universal2.whl", hash = "sha256:a14506046ad9403ea95c75c1dd248167f41aef4aed62f50b567bf2482056ebf5", size = 40443, upload-time = "2025-11-14T09:52:37.21Z" },
    { url = "https://files.pythonhosted.org/packages/8a/da/4846a76bd9cb73fb1e562d1fb7044bd3df15a289ab986bcaf053a65dbb88/pyobjc_framework_iobluetooth-12.1-cp314-cp314t-macosx_10_15_universal2.whl", hash = "sha256:42ec9a40e7234a00f434489c8b18458bc5deb6ea6938daba50b9527100e21f0c", size = 40649, upload-time = "2025-11-14T09:52:40.793Z" },
]

[[package]]
name = "timebox-evo-client"
version = "0.1.0"
source = { editable = "." }
dependencies = [
    { name = "pyobjc-framework-iobluetooth", version = "11.1", source = { registry = "https://pypi.org/simple" }, marker = "python_full_version < '3.10'" },
    { name = "pyobjc-framework-iobluetooth", version = "12.1", source = { registry = "https://pypi.org/simple" }, marker = "python_full_version >= '3.10'" },
]

[package.metadata]
requires-dist = [{ name = "pyobjc-framework-iobluetooth" }]
